
Microsoft Visual Studio Solution File, Format Version 12.00
# Visual Studio Version 17
VisualStudioVersion = 17.0.31903.59
MinimumVisualStudioVersion = 10.0.40219.1
Project("{FAE04EC0-301F-11D3-BF4B-00C04F79EFBC}") = "Student.Domain", "src\Services\StudentService\Student.Domain\Student.Domain.csproj", "{D962B3E2-5AB2-41DA-AA52-91B943F0DE05}"
EndProject
Project("{FAE04EC0-301F-11D3-BF4B-00C04F79EFBC}") = "Student.Application", "src\Services\StudentService\Student.Application\Student.Application.csproj", "{56BF68B1-7189-46A5-910B-83E6B00C05F5}"
EndProject
Project("{FAE04EC0-301F-11D3-BF4B-00C04F79EFBC}") = "Student.Infrastructure", "src\Services\StudentService\Student.Infrastructure\Student.Infrastructure.csproj", "{328F739C-D32C-4A41-AB24-404ED76083B5}"
EndProject
Project("{FAE04EC0-301F-11D3-BF4B-00C04F79EFBC}") = "Student.API", "src\Services\StudentService\Student.API\Student.API.csproj", "{88338E8A-97F5-47C9-9118-3DB9711B43F3}"
EndProject
Project("{FAE04EC0-301F-11D3-BF4B-00C04F79EFBC}") = "Teacher.Domain", "src\Services\TeacherService\Teacher.Domain\Teacher.Domain.csproj", "{FFFDF591-C314-46EE-B2FE-E3509348DFB9}"
EndProject
Project("{FAE04EC0-301F-11D3-BF4B-00C04F79EFBC}") = "Teacher.Application", "src\Services\TeacherService\Teacher.Application\Teacher.Application.csproj", "{1EDA400F-2553-4144-A23C-47B17AF76EF9}"
EndProject
Project("{FAE04EC0-301F-11D3-BF4B-00C04F79EFBC}") = "Teacher.Infrastructure", "src\Services\TeacherService\Teacher.Infrastructure\Teacher.Infrastructure.csproj", "{27B61A77-D944-4F49-BC34-CC277D79FF70}"
EndProject
Project("{FAE04EC0-301F-11D3-BF4B-00C04F79EFBC}") = "Teacher.API", "src\Services\TeacherService\Teacher.API\Teacher.API.csproj", "{CF1FC22A-ED6D-497F-9A79-5B735DEDBCDB}"
EndProject
Project("{2150E333-8FDC-42A3-9474-1A3956D46DE8}") = "src", "src", "{2DE715D4-8DA9-4AEC-BF1C-FD897DA3346E}"
EndProject
Project("{2150E333-8FDC-42A3-9474-1A3956D46DE8}") = "Shared", "Shared", "{83D9D4D9-4B79-4EEB-9D60-10F17937ECE8}"
EndProject
Project("{FAE04EC0-301F-11D3-BF4B-00C04F79EFBC}") = "EMIS.Authentication", "src\Shared\EMIS.Authentication\EMIS.Authentication.csproj", "{11C6521A-51B4-4F6E-A28E-D693B4A20888}"
EndProject
Project("{2150E333-8FDC-42A3-9474-1A3956D46DE8}") = "Services", "Services", "{97F725CD-AF3F-4BC4-8DC6-07526FC5508D}"
EndProject
Project("{2150E333-8FDC-42A3-9474-1A3956D46DE8}") = "StudentService", "StudentService", "{B0000000-0000-0000-0000-000000000001}"
EndProject
Project("{2150E333-8FDC-42A3-9474-1A3956D46DE8}") = "TeacherService", "TeacherService", "{C0000000-0000-0000-0000-000000000001}"
EndProject
Project("{2150E333-8FDC-42A3-9474-1A3956D46DE8}") = "AuthService", "AuthService", "{BB88E41F-DD6A-4943-B9FB-2A9CABDAE551}"
EndProject
Project("{FAE04EC0-301F-11D3-BF4B-00C04F79EFBC}") = "Auth.API", "src\Services\AuthService\Auth.API\Auth.API.csproj", "{901DC36B-C04A-4307-9DB9-6CF54460AB99}"
EndProject
Project("{FAE04EC0-301F-11D3-BF4B-00C04F79EFBC}") = "Auth.Application", "src\Services\AuthService\Auth.Application\Auth.Application.csproj", "{E371F8D3-8839-4402-89CA-F4F072C2559F}"
EndProject
Project("{FAE04EC0-301F-11D3-BF4B-00C04F79EFBC}") = "Auth.Domain", "src\Services\AuthService\Auth.Domain\Auth.Domain.csproj", "{DA40490C-97A4-4955-9610-E655A739F722}"
EndProject
Project("{FAE04EC0-301F-11D3-BF4B-00C04F79EFBC}") = "Auth.Infrastructure", "src\Services\AuthService\Auth.Infrastructure\Auth.Infrastructure.csproj", "{86AEC5D2-B0C8-4C8F-A810-C2A94899DD95}"
EndProject
Project("{FAE04EC0-301F-11D3-BF4B-00C04F79EFBC}") = "EMIS.EventBus.Kafka", "src\Shared\EMIS.EventBus.Kafka\EMIS.EventBus.Kafka.csproj", "{BC4FB4AA-B308-4FBA-AF13-9CB21CC59525}"
EndProject
Project("{FAE04EC0-301F-11D3-BF4B-00C04F79EFBC}") = "EMIS.Contracts", "src\Shared\EMIS.Contracts\EMIS.Contracts.csproj", "{FCAC7E1C-0BDA-45A0-8BF4-90E9B943054D}"
EndProject
Project("{2150E333-8FDC-42A3-9474-1A3956D46DE8}") = "MessageService", "MessageService", "{F34155B5-22D1-4D40-850C-322AD2E4C1CC}"
EndProject
Project("{FAE04EC0-301F-11D3-BF4B-00C04F79EFBC}") = "Message.Domain", "src\Services\MessageService\Message.Domain\Message.Domain.csproj", "{8A12DC5B-F423-490A-AC04-F2E653D63465}"
EndProject
Project("{FAE04EC0-301F-11D3-BF4B-00C04F79EFBC}") = "Message.Application", "src\Services\MessageService\Message.Application\Message.Application.csproj", "{96474F7A-02E6-4E80-AF40-49AA2624C550}"
EndProject
Project("{FAE04EC0-301F-11D3-BF4B-00C04F79EFBC}") = "Message.Infrastructure", "src\Services\MessageService\Message.Infrastructure\Message.Infrastructure.csproj", "{87DEF9AB-95CA-4C22-B667-AB6D4467AC6E}"
EndProject
Project("{FAE04EC0-301F-11D3-BF4B-00C04F79EFBC}") = "Message.API", "src\Services\MessageService\Message.API\Message.API.csproj", "{8823C222-8AF8-4E9F-9115-93F2900787F0}"
EndProject
Global
	GlobalSection(SolutionConfigurationPlatforms) = preSolution
		Debug|Any CPU = Debug|Any CPU
		Release|Any CPU = Release|Any CPU
	EndGlobalSection
	GlobalSection(ProjectConfigurationPlatforms) = postSolution
		{D962B3E2-5AB2-41DA-AA52-91B943F0DE05}.Debug|Any CPU.ActiveCfg = Debug|Any CPU
		{D962B3E2-5AB2-41DA-AA52-91B943F0DE05}.Debug|Any CPU.Build.0 = Debug|Any CPU
		{D962B3E2-5AB2-41DA-AA52-91B943F0DE05}.Release|Any CPU.ActiveCfg = Release|Any CPU
		{D962B3E2-5AB2-41DA-AA52-91B943F0DE05}.Release|Any CPU.Build.0 = Release|Any CPU
		{56BF68B1-7189-46A5-910B-83E6B00C05F5}.Debug|Any CPU.ActiveCfg = Debug|Any CPU
		{56BF68B1-7189-46A5-910B-83E6B00C05F5}.Debug|Any CPU.Build.0 = Debug|Any CPU
		{56BF68B1-7189-46A5-910B-83E6B00C05F5}.Release|Any CPU.ActiveCfg = Release|Any CPU
		{56BF68B1-7189-46A5-910B-83E6B00C05F5}.Release|Any CPU.Build.0 = Release|Any CPU
		{328F739C-D32C-4A41-AB24-404ED76083B5}.Debug|Any CPU.ActiveCfg = Debug|Any CPU
		{328F739C-D32C-4A41-AB24-404ED76083B5}.Debug|Any CPU.Build.0 = Debug|Any CPU
		{328F739C-D32C-4A41-AB24-404ED76083B5}.Release|Any CPU.ActiveCfg = Release|Any CPU
		{328F739C-D32C-4A41-AB24-404ED76083B5}.Release|Any CPU.Build.0 = Release|Any CPU
		{88338E8A-97F5-47C9-9118-3DB9711B43F3}.Debug|Any CPU.ActiveCfg = Debug|Any CPU
		{88338E8A-97F5-47C9-9118-3DB9711B43F3}.Debug|Any CPU.Build.0 = Debug|Any CPU
		{88338E8A-97F5-47C9-9118-3DB9711B43F3}.Release|Any CPU.ActiveCfg = Release|Any CPU
		{88338E8A-97F5-47C9-9118-3DB9711B43F3}.Release|Any CPU.Build.0 = Release|Any CPU
		{FFFDF591-C314-46EE-B2FE-E3509348DFB9}.Debug|Any CPU.ActiveCfg = Debug|Any CPU
		{FFFDF591-C314-46EE-B2FE-E3509348DFB9}.Debug|Any CPU.Build.0 = Debug|Any CPU
		{FFFDF591-C314-46EE-B2FE-E3509348DFB9}.Release|Any CPU.ActiveCfg = Release|Any CPU
		{FFFDF591-C314-46EE-B2FE-E3509348DFB9}.Release|Any CPU.Build.0 = Release|Any CPU
		{1EDA400F-2553-4144-A23C-47B17AF76EF9}.Debug|Any CPU.ActiveCfg = Debug|Any CPU
		{1EDA400F-2553-4144-A23C-47B17AF76EF9}.Debug|Any CPU.Build.0 = Debug|Any CPU
		{1EDA400F-2553-4144-A23C-47B17AF76EF9}.Release|Any CPU.ActiveCfg = Release|Any CPU
		{1EDA400F-2553-4144-A23C-47B17AF76EF9}.Release|Any CPU.Build.0 = Release|Any CPU
		{27B61A77-D944-4F49-BC34-CC277D79FF70}.Debug|Any CPU.ActiveCfg = Debug|Any CPU
		{27B61A77-D944-4F49-BC34-CC277D79FF70}.Debug|Any CPU.Build.0 = Debug|Any CPU
		{27B61A77-D944-4F49-BC34-CC277D79FF70}.Release|Any CPU.ActiveCfg = Release|Any CPU
		{27B61A77-D944-4F49-BC34-CC277D79FF70}.Release|Any CPU.Build.0 = Release|Any CPU
		{CF1FC22A-ED6D-497F-9A79-5B735DEDBCDB}.Debug|Any CPU.ActiveCfg = Debug|Any CPU
		{CF1FC22A-ED6D-497F-9A79-5B735DEDBCDB}.Debug|Any CPU.Build.0 = Debug|Any CPU
		{CF1FC22A-ED6D-497F-9A79-5B735DEDBCDB}.Release|Any CPU.ActiveCfg = Release|Any CPU
		{CF1FC22A-ED6D-497F-9A79-5B735DEDBCDB}.Release|Any CPU.Build.0 = Release|Any CPU
		{11C6521A-51B4-4F6E-A28E-D693B4A20888}.Debug|Any CPU.ActiveCfg = Debug|Any CPU
		{11C6521A-51B4-4F6E-A28E-D693B4A20888}.Debug|Any CPU.Build.0 = Debug|Any CPU
		{11C6521A-51B4-4F6E-A28E-D693B4A20888}.Release|Any CPU.ActiveCfg = Release|Any CPU
		{11C6521A-51B4-4F6E-A28E-D693B4A20888}.Release|Any CPU.Build.0 = Release|Any CPU
		{901DC36B-C04A-4307-9DB9-6CF54460AB99}.Debug|Any CPU.ActiveCfg = Debug|Any CPU
		{901DC36B-C04A-4307-9DB9-6CF54460AB99}.Debug|Any CPU.Build.0 = Debug|Any CPU
		{901DC36B-C04A-4307-9DB9-6CF54460AB99}.Release|Any CPU.ActiveCfg = Release|Any CPU
		{901DC36B-C04A-4307-9DB9-6CF54460AB99}.Release|Any CPU.Build.0 = Release|Any CPU
		{E371F8D3-8839-4402-89CA-F4F072C2559F}.Debug|Any CPU.ActiveCfg = Debug|Any CPU
		{E371F8D3-8839-4402-89CA-F4F072C2559F}.Debug|Any CPU.Build.0 = Debug|Any CPU
		{E371F8D3-8839-4402-89CA-F4F072C2559F}.Release|Any CPU.ActiveCfg = Release|Any CPU
		{E371F8D3-8839-4402-89CA-F4F072C2559F}.Release|Any CPU.Build.0 = Release|Any CPU
		{DA40490C-97A4-4955-9610-E655A739F722}.Debug|Any CPU.ActiveCfg = Debug|Any CPU
		{DA40490C-97A4-4955-9610-E655A739F722}.Debug|Any CPU.Build.0 = Debug|Any CPU
		{DA40490C-97A4-4955-9610-E655A739F722}.Release|Any CPU.ActiveCfg = Release|Any CPU
		{DA40490C-97A4-4955-9610-E655A739F722}.Release|Any CPU.Build.0 = Release|Any CPU
		{86AEC5D2-B0C8-4C8F-A810-C2A94899DD95}.Debug|Any CPU.ActiveCfg = Debug|Any CPU
		{86AEC5D2-B0C8-4C8F-A810-C2A94899DD95}.Debug|Any CPU.Build.0 = Debug|Any CPU
		{86AEC5D2-B0C8-4C8F-A810-C2A94899DD95}.Release|Any CPU.ActiveCfg = Release|Any CPU
		{86AEC5D2-B0C8-4C8F-A810-C2A94899DD95}.Release|Any CPU.Build.0 = Release|Any CPU
		{BC4FB4AA-B308-4FBA-AF13-9CB21CC59525}.Debug|Any CPU.ActiveCfg = Debug|Any CPU
		{BC4FB4AA-B308-4FBA-AF13-9CB21CC59525}.Debug|Any CPU.Build.0 = Debug|Any CPU
		{BC4FB4AA-B308-4FBA-AF13-9CB21CC59525}.Release|Any CPU.ActiveCfg = Release|Any CPU
		{BC4FB4AA-B308-4FBA-AF13-9CB21CC59525}.Release|Any CPU.Build.0 = Release|Any CPU
		{FCAC7E1C-0BDA-45A0-8BF4-90E9B943054D}.Debug|Any CPU.ActiveCfg = Debug|Any CPU
		{FCAC7E1C-0BDA-45A0-8BF4-90E9B943054D}.Debug|Any CPU.Build.0 = Debug|Any CPU
		{FCAC7E1C-0BDA-45A0-8BF4-90E9B943054D}.Release|Any CPU.ActiveCfg = Release|Any CPU
		{FCAC7E1C-0BDA-45A0-8BF4-90E9B943054D}.Release|Any CPU.Build.0 = Release|Any CPU
		{8A12DC5B-F423-490A-AC04-F2E653D63465}.Debug|Any CPU.ActiveCfg = Debug|Any CPU
		{8A12DC5B-F423-490A-AC04-F2E653D63465}.Debug|Any CPU.Build.0 = Debug|Any CPU
		{8A12DC5B-F423-490A-AC04-F2E653D63465}.Release|Any CPU.ActiveCfg = Release|Any CPU
		{8A12DC5B-F423-490A-AC04-F2E653D63465}.Release|Any CPU.Build.0 = Release|Any CPU
		{96474F7A-02E6-4E80-AF40-49AA2624C550}.Debug|Any CPU.ActiveCfg = Debug|Any CPU
		{96474F7A-02E6-4E80-AF40-49AA2624C550}.Debug|Any CPU.Build.0 = Debug|Any CPU
		{96474F7A-02E6-4E80-AF40-49AA2624C550}.Release|Any CPU.ActiveCfg = Release|Any CPU
		{96474F7A-02E6-4E80-AF40-49AA2624C550}.Release|Any CPU.Build.0 = Release|Any CPU
		{87DEF9AB-95CA-4C22-B667-AB6D4467AC6E}.Debug|Any CPU.ActiveCfg = Debug|Any CPU
		{87DEF9AB-95CA-4C22-B667-AB6D4467AC6E}.Debug|Any CPU.Build.0 = Debug|Any CPU
		{87DEF9AB-95CA-4C22-B667-AB6D4467AC6E}.Release|Any CPU.ActiveCfg = Release|Any CPU
		{87DEF9AB-95CA-4C22-B667-AB6D4467AC6E}.Release|Any CPU.Build.0 = Release|Any CPU
		{8823C222-8AF8-4E9F-9115-93F2900787F0}.Debug|Any CPU.ActiveCfg = Debug|Any CPU
		{8823C222-8AF8-4E9F-9115-93F2900787F0}.Debug|Any CPU.Build.0 = Debug|Any CPU
		{8823C222-8AF8-4E9F-9115-93F2900787F0}.Release|Any CPU.ActiveCfg = Release|Any CPU
		{8823C222-8AF8-4E9F-9115-93F2900787F0}.Release|Any CPU.Build.0 = Release|Any CPU
	EndGlobalSection
	GlobalSection(SolutionProperties) = preSolution
		HideSolutionNode = FALSE
	EndGlobalSection
	GlobalSection(NestedProjects) = preSolution
		{83D9D4D9-4B79-4EEB-9D60-10F17937ECE8} = {2DE715D4-8DA9-4AEC-BF1C-FD897DA3346E}
		{11C6521A-51B4-4F6E-A28E-D693B4A20888} = {83D9D4D9-4B79-4EEB-9D60-10F17937ECE8}
		{BC4FB4AA-B308-4FBA-AF13-9CB21CC59525} = {83D9D4D9-4B79-4EEB-9D60-10F17937ECE8}
		{FCAC7E1C-0BDA-45A0-8BF4-90E9B943054D} = {83D9D4D9-4B79-4EEB-9D60-10F17937ECE8}
		{97F725CD-AF3F-4BC4-8DC6-07526FC5508D} = {2DE715D4-8DA9-4AEC-BF1C-FD897DA3346E}
		{B0000000-0000-0000-0000-000000000001} = {97F725CD-AF3F-4BC4-8DC6-07526FC5508D}
		{C0000000-0000-0000-0000-000000000001} = {97F725CD-AF3F-4BC4-8DC6-07526FC5508D}
		{BB88E41F-DD6A-4943-B9FB-2A9CABDAE551} = {97F725CD-AF3F-4BC4-8DC6-07526FC5508D}
		{D962B3E2-5AB2-41DA-AA52-91B943F0DE05} = {B0000000-0000-0000-0000-000000000001}
		{56BF68B1-7189-46A5-910B-83E6B00C05F5} = {B0000000-0000-0000-0000-000000000001}
		{328F739C-D32C-4A41-AB24-404ED76083B5} = {B0000000-0000-0000-0000-000000000001}
		{88338E8A-97F5-47C9-9118-3DB9711B43F3} = {B0000000-0000-0000-0000-000000000001}
		{FFFDF591-C314-46EE-B2FE-E3509348DFB9} = {C0000000-0000-0000-0000-000000000001}
		{1EDA400F-2553-4144-A23C-47B17AF76EF9} = {C0000000-0000-0000-0000-000000000001}
		{27B61A77-D944-4F49-BC34-CC277D79FF70} = {C0000000-0000-0000-0000-000000000001}
		{CF1FC22A-ED6D-497F-9A79-5B735DEDBCDB} = {C0000000-0000-0000-0000-000000000001}
		{901DC36B-C04A-4307-9DB9-6CF54460AB99} = {BB88E41F-DD6A-4943-B9FB-2A9CABDAE551}
		{E371F8D3-8839-4402-89CA-F4F072C2559F} = {BB88E41F-DD6A-4943-B9FB-2A9CABDAE551}
		{DA40490C-97A4-4955-9610-E655A739F722} = {BB88E41F-DD6A-4943-B9FB-2A9CABDAE551}
		{86AEC5D2-B0C8-4C8F-A810-C2A94899DD95} = {BB88E41F-DD6A-4943-B9FB-2A9CABDAE551}
		{F34155B5-22D1-4D40-850C-322AD2E4C1CC} = {97F725CD-AF3F-4BC4-8DC6-07526FC5508D}
		{8A12DC5B-F423-490A-AC04-F2E653D63465} = {F34155B5-22D1-4D40-850C-322AD2E4C1CC}
		{96474F7A-02E6-4E80-AF40-49AA2624C550} = {F34155B5-22D1-4D40-850C-322AD2E4C1CC}
		{87DEF9AB-95CA-4C22-B667-AB6D4467AC6E} = {F34155B5-22D1-4D40-850C-322AD2E4C1CC}
		{8823C222-8AF8-4E9F-9115-93F2900787F0} = {F34155B5-22D1-4D40-850C-322AD2E4C1CC}
	EndGlobalSection
EndGlobal
